
Microsoft Visual Studio Solution File, Format Version 12.00
# Visual Studio Version 16
VisualStudioVersion = 16.0.29123.88
MinimumVisualStudioVersion = 10.0.40219.1
Project("{FAE04EC0-301F-11D3-BF4B-00C04F79EFBC}") = "WEBComputadora.View", "WEBComputadora.View\WEBComputadora.View.csproj", "{F05E42C1-CFEA-4EAE-AC71-E30BD5F50EBA}"
EndProject
Project("{FAE04EC0-301F-11D3-BF4B-00C04F79EFBC}") = "WEBComputadora.DAL", "WEBComputadora.DAL\WEBComputadora.DAL.csproj", "{0EB10C17-1450-42B6-BA10-901246FE828A}"
EndProject
Project("{FAE04EC0-301F-11D3-BF4B-00C04F79EFBC}") = "WEBComputadora.Model", "WEBComputadora.Model\WEBComputadora.Model.csproj", "{1493182D-067F-4751-A286-948F820B6DB2}"
EndProject
Project("{FAE04EC0-301F-11D3-BF4B-00C04F79EFBC}") = "WEBComputadora.Test", "WEBComputadora.Test\WEBComputadora.Test.csproj", "{03DE774C-62B0-46FA-8BE8-82E2F496D656}"
EndProject
Global
	GlobalSection(SolutionConfigurationPlatforms) = preSolution
		Debug|Any CPU = Debug|Any CPU
		Release|Any CPU = Release|Any CPU
	EndGlobalSection
	GlobalSection(ProjectConfigurationPlatforms) = postSolution
		{F05E42C1-CFEA-4EAE-AC71-E30BD5F50EBA}.Debug|Any CPU.ActiveCfg = Debug|Any CPU
		{F05E42C1-CFEA-4EAE-AC71-E30BD5F50EBA}.Debug|Any CPU.Build.0 = Debug|Any CPU
		{F05E42C1-CFEA-4EAE-AC71-E30BD5F50EBA}.Release|Any CPU.ActiveCfg = Release|Any CPU
		{F05E42C1-CFEA-4EAE-AC71-E30BD5F50EBA}.Release|Any CPU.Build.0 = Release|Any CPU
		{0EB10C17-1450-42B6-BA10-901246FE828A}.Debug|Any CPU.ActiveCfg = Debug|Any CPU
		{0EB10C17-1450-42B6-BA10-901246FE828A}.Debug|Any CPU.Build.0 = Debug|Any CPU
		{0EB10C17-1450-42B6-BA10-901246FE828A}.Release|Any CPU.ActiveCfg = Release|Any CPU
		{0EB10C17-1450-42B6-BA10-901246FE828A}.Release|Any CPU.Build.0 = Release|Any CPU
		{1493182D-067F-4751-A286-948F820B6DB2}.Debug|Any CPU.ActiveCfg = Debug|Any CPU
		{1493182D-067F-4751-A286-948F820B6DB2}.Debug|Any CPU.Build.0 = Debug|Any CPU
		{1493182D-067F-4751-A286-948F820B6DB2}.Release|Any CPU.ActiveCfg = Release|Any CPU
		{1493182D-067F-4751-A286-948F820B6DB2}.Release|Any CPU.Build.0 = Release|Any CPU
		{03DE774C-62B0-46FA-8BE8-82E2F496D656}.Debug|Any CPU.ActiveCfg = Debug|Any CPU
		{03DE774C-62B0-46FA-8BE8-82E2F496D656}.Debug|Any CPU.Build.0 = Debug|Any CPU
		{03DE774C-62B0-46FA-8BE8-82E2F496D656}.Release|Any CPU.ActiveCfg = Release|Any CPU
		{03DE774C-62B0-46FA-8BE8-82E2F496D656}.Release|Any CPU.Build.0 = Release|Any CPU
	EndGlobalSection
	GlobalSection(SolutionProperties) = preSolution
		HideSolutionNode = FALSE
	EndGlobalSection
	GlobalSection(ExtensibilityGlobals) = postSolution
		SolutionGuid = {A21B62EF-133E-4066-97DA-511D4EFC82E7}
	EndGlobalSection
EndGlobal
